
Microsoft Visual Studio Solution File, Format Version 12.00
# Visual Studio Version 17
VisualStudioVersion = 17.0.31903.59
MinimumVisualStudioVersion = 10.0.40219.1
Project("{FAE04EC0-301F-11D3-BF4B-00C04F79EFBC}") = "Infrostructure", "Infrostructure\Infrostructure.csproj", "{498CB690-DFC0-4685-925F-33062CD68864}"
EndProject
Project("{FAE04EC0-301F-11D3-BF4B-00C04F79EFBC}") = "Domain", "Domain\Domain.csproj", "{108B2DD6-F4F5-4692-A2D7-31A2CE4D7AB0}"
EndProject
Project("{FAE04EC0-301F-11D3-BF4B-00C04F79EFBC}") = "WebApp", "WebApp\WebApp.csproj", "{4DA085EC-1C4C-4556-BD39-F40DC8874F59}"
EndProject
Global
	GlobalSection(SolutionConfigurationPlatforms) = preSolution
		Debug|Any CPU = Debug|Any CPU
		Release|Any CPU = Release|Any CPU
	EndGlobalSection
	GlobalSection(SolutionProperties) = preSolution
		HideSolutionNode = FALSE
	EndGlobalSection
	GlobalSection(ProjectConfigurationPlatforms) = postSolution
		{498CB690-DFC0-4685-925F-33062CD68864}.Debug|Any CPU.ActiveCfg = Debug|Any CPU
		{498CB690-DFC0-4685-925F-33062CD68864}.Debug|Any CPU.Build.0 = Debug|Any CPU
		{498CB690-DFC0-4685-925F-33062CD68864}.Release|Any CPU.ActiveCfg = Release|Any CPU
		{498CB690-DFC0-4685-925F-33062CD68864}.Release|Any CPU.Build.0 = Release|Any CPU
		{108B2DD6-F4F5-4692-A2D7-31A2CE4D7AB0}.Debug|Any CPU.ActiveCfg = Debug|Any CPU
		{108B2DD6-F4F5-4692-A2D7-31A2CE4D7AB0}.Debug|Any CPU.Build.0 = Debug|Any CPU
		{108B2DD6-F4F5-4692-A2D7-31A2CE4D7AB0}.Release|Any CPU.ActiveCfg = Release|Any CPU
		{108B2DD6-F4F5-4692-A2D7-31A2CE4D7AB0}.Release|Any CPU.Build.0 = Release|Any CPU
		{4DA085EC-1C4C-4556-BD39-F40DC8874F59}.Debug|Any CPU.ActiveCfg = Debug|Any CPU
		{4DA085EC-1C4C-4556-BD39-F40DC8874F59}.Debug|Any CPU.Build.0 = Debug|Any CPU
		{4DA085EC-1C4C-4556-BD39-F40DC8874F59}.Release|Any CPU.ActiveCfg = Release|Any CPU
		{4DA085EC-1C4C-4556-BD39-F40DC8874F59}.Release|Any CPU.Build.0 = Release|Any CPU
	EndGlobalSection
EndGlobal
